
Microsoft Visual Studio Solution File, Format Version 12.00
# Visual Studio 14
VisualStudioVersion = 14.0.25420.1
MinimumVisualStudioVersion = 10.0.40219.1
Project("{FAE04EC0-301F-11D3-BF4B-00C04F79EFBC}") = "ClothingStore.Web", "ClothingStore.Web\ClothingStore.Web.csproj", "{7088C85C-5483-41FB-AD71-D9D65F467408}"
EndProject
Project("{FAE04EC0-301F-11D3-BF4B-00C04F79EFBC}") = "ClothingStore.WebAdmin", "ClothingStore.WebAdmin\ClothingStore.WebAdmin.csproj", "{709EA14A-0A75-40F1-8266-C084C65B55B7}"
EndProject
Project("{FAE04EC0-301F-11D3-BF4B-00C04F79EFBC}") = "ClothingStore.Win", "ClothingStore.Win\ClothingStore.Win.csproj", "{6514EA8A-C4D6-4238-AA6B-1332BD07E5D0}"
EndProject
Project("{FAE04EC0-301F-11D3-BF4B-00C04F79EFBC}") = "ClothingStore.BL", "ClothingStore.BL\ClothingStore.BL.csproj", "{8E9FE3C3-D4FF-4B96-92C0-521D0ABF52A1}"
EndProject
Global
	GlobalSection(SolutionConfigurationPlatforms) = preSolution
		Debug|Any CPU = Debug|Any CPU
		Release|Any CPU = Release|Any CPU
	EndGlobalSection
	GlobalSection(ProjectConfigurationPlatforms) = postSolution
		{7088C85C-5483-41FB-AD71-D9D65F467408}.Debug|Any CPU.ActiveCfg = Debug|Any CPU
		{7088C85C-5483-41FB-AD71-D9D65F467408}.Debug|Any CPU.Build.0 = Debug|Any CPU
		{7088C85C-5483-41FB-AD71-D9D65F467408}.Release|Any CPU.ActiveCfg = Release|Any CPU
		{7088C85C-5483-41FB-AD71-D9D65F467408}.Release|Any CPU.Build.0 = Release|Any CPU
		{709EA14A-0A75-40F1-8266-C084C65B55B7}.Debug|Any CPU.ActiveCfg = Debug|Any CPU
		{709EA14A-0A75-40F1-8266-C084C65B55B7}.Debug|Any CPU.Build.0 = Debug|Any CPU
		{709EA14A-0A75-40F1-8266-C084C65B55B7}.Release|Any CPU.ActiveCfg = Release|Any CPU
		{709EA14A-0A75-40F1-8266-C084C65B55B7}.Release|Any CPU.Build.0 = Release|Any CPU
		{6514EA8A-C4D6-4238-AA6B-1332BD07E5D0}.Debug|Any CPU.ActiveCfg = Debug|Any CPU
		{6514EA8A-C4D6-4238-AA6B-1332BD07E5D0}.Debug|Any CPU.Build.0 = Debug|Any CPU
		{6514EA8A-C4D6-4238-AA6B-1332BD07E5D0}.Release|Any CPU.ActiveCfg = Release|Any CPU
		{6514EA8A-C4D6-4238-AA6B-1332BD07E5D0}.Release|Any CPU.Build.0 = Release|Any CPU
		{8E9FE3C3-D4FF-4B96-92C0-521D0ABF52A1}.Debug|Any CPU.ActiveCfg = Debug|Any CPU
		{8E9FE3C3-D4FF-4B96-92C0-521D0ABF52A1}.Debug|Any CPU.Build.0 = Debug|Any CPU
		{8E9FE3C3-D4FF-4B96-92C0-521D0ABF52A1}.Release|Any CPU.ActiveCfg = Release|Any CPU
		{8E9FE3C3-D4FF-4B96-92C0-521D0ABF52A1}.Release|Any CPU.Build.0 = Release|Any CPU
	EndGlobalSection
	GlobalSection(SolutionProperties) = preSolution
		HideSolutionNode = FALSE
	EndGlobalSection
EndGlobal
